
Microsoft Visual Studio Solution File, Format Version 12.00
# Visual Studio Version 17
VisualStudioVersion = 17.1.32414.318
MinimumVisualStudioVersion = 10.0.40219.1
Project("{FAE04EC0-301F-11D3-BF4B-00C04F79EFBC}") = "CitiesApi", "CitiesApi\CitiesApi.csproj", "{3131283E-D563-4C10-ADD1-0614F49A46B4}"
EndProject
Global
	GlobalSection(SolutionConfigurationPlatforms) = preSolution
		Debug|Any CPU = Debug|Any CPU
		Release|Any CPU = Release|Any CPU
	EndGlobalSection
	GlobalSection(ProjectConfigurationPlatforms) = postSolution
		{3131283E-D563-4C10-ADD1-0614F49A46B4}.Debug|Any CPU.ActiveCfg = Debug|Any CPU
		{3131283E-D563-4C10-ADD1-0614F49A46B4}.Debug|Any CPU.Build.0 = Debug|Any CPU
		{3131283E-D563-4C10-ADD1-0614F49A46B4}.Release|Any CPU.ActiveCfg = Release|Any CPU
		{3131283E-D563-4C10-ADD1-0614F49A46B4}.Release|Any CPU.Build.0 = Release|Any CPU
	EndGlobalSection
	GlobalSection(SolutionProperties) = preSolution
		HideSolutionNode = FALSE
	EndGlobalSection
	GlobalSection(ExtensibilityGlobals) = postSolution
		SolutionGuid = {F99B3F4B-3F7A-4948-8465-3326F7585726}
	EndGlobalSection
EndGlobal
